
Microsoft Visual Studio Solution File, Format Version 12.00
# Visual Studio Version 17
VisualStudioVersion = 17.9.34728.123
MinimumVisualStudioVersion = 10.0.40219.1
Project("{FAE04EC0-301F-11D3-BF4B-00C04F79EFBC}") = "TEST", "TEST\TEST.csproj", "{24F413F7-6DC4-4D3C-BBB8-7FA79589045B}"
EndProject
Global
	GlobalSection(SolutionConfigurationPlatforms) = preSolution
		Debug|Any CPU = Debug|Any CPU
		Release|Any CPU = Release|Any CPU
	EndGlobalSection
	GlobalSection(ProjectConfigurationPlatforms) = postSolution
		{24F413F7-6DC4-4D3C-BBB8-7FA79589045B}.Debug|Any CPU.ActiveCfg = Debug|Any CPU
		{24F413F7-6DC4-4D3C-BBB8-7FA79589045B}.Debug|Any CPU.Build.0 = Debug|Any CPU
		{24F413F7-6DC4-4D3C-BBB8-7FA79589045B}.Release|Any CPU.ActiveCfg = Release|Any CPU
		{24F413F7-6DC4-4D3C-BBB8-7FA79589045B}.Release|Any CPU.Build.0 = Release|Any CPU
	EndGlobalSection
	GlobalSection(SolutionProperties) = preSolution
		HideSolutionNode = FALSE
	EndGlobalSection
	GlobalSection(ExtensibilityGlobals) = postSolution
		SolutionGuid = {8642F28B-4377-4771-866E-74F0E64EACA0}
	EndGlobalSection
EndGlobal
