
Microsoft Visual Studio Solution File, Format Version 12.00
# Visual Studio Version 17
VisualStudioVersion = 17.9.34728.123
MinimumVisualStudioVersion = 10.0.40219.1
Project("{FAE04EC0-301F-11D3-BF4B-00C04F79EFBC}") = "MyArrayList", "MyArrayList\MyArrayList.csproj", "{981C6661-6C78-450B-B8AE-A4045ACF1CA9}"
EndProject
Project("{FAE04EC0-301F-11D3-BF4B-00C04F79EFBC}") = "MyArrayList.Library", "MyArrayList.Library\MyArrayList.Library.csproj", "{C6E018D7-ED2F-46D4-BA8E-6F5E1894A15E}"
EndProject
Global
	GlobalSection(SolutionConfigurationPlatforms) = preSolution
		Debug|Any CPU = Debug|Any CPU
		Release|Any CPU = Release|Any CPU
	EndGlobalSection
	GlobalSection(ProjectConfigurationPlatforms) = postSolution
		{981C6661-6C78-450B-B8AE-A4045ACF1CA9}.Debug|Any CPU.ActiveCfg = Debug|Any CPU
		{981C6661-6C78-450B-B8AE-A4045ACF1CA9}.Debug|Any CPU.Build.0 = Debug|Any CPU
		{981C6661-6C78-450B-B8AE-A4045ACF1CA9}.Release|Any CPU.ActiveCfg = Release|Any CPU
		{981C6661-6C78-450B-B8AE-A4045ACF1CA9}.Release|Any CPU.Build.0 = Release|Any CPU
		{C6E018D7-ED2F-46D4-BA8E-6F5E1894A15E}.Debug|Any CPU.ActiveCfg = Debug|Any CPU
		{C6E018D7-ED2F-46D4-BA8E-6F5E1894A15E}.Debug|Any CPU.Build.0 = Debug|Any CPU
		{C6E018D7-ED2F-46D4-BA8E-6F5E1894A15E}.Release|Any CPU.ActiveCfg = Release|Any CPU
		{C6E018D7-ED2F-46D4-BA8E-6F5E1894A15E}.Release|Any CPU.Build.0 = Release|Any CPU
	EndGlobalSection
	GlobalSection(SolutionProperties) = preSolution
		HideSolutionNode = FALSE
	EndGlobalSection
	GlobalSection(ExtensibilityGlobals) = postSolution
		SolutionGuid = {6919E92A-0D95-4EC3-8175-2DDD48C4BDB1}
	EndGlobalSection
EndGlobal
